version = 1
revision = 3
requires-python = ">=3.11"

[manifest]

[manifest.dependency-groups]
dev = [
    { name = "coverage", specifier = "==7.14.2" },
    { name = "execnet", specifier = "==2.1.2" },
    { name = "imgcat", specifier = "==0.6.0" },
    { name = "iniconfig", specifier = "==2.3.0" },
    { name = "packaging", specifier = "==26.2" },
    { name = "pillow", specifier = "==12.2.0" },
    { name = "pluggy", specifier = "==1.6.0" },
    { name = "psutil", specifier = "==5.8.0" },
    { name = "pygments", specifier = "==2.20.0" },
    { name = "pytest", specifier = "==9.1.1" },
    { name = "pytest-cov", specifier = "==7.1.0" },
    { name = "pytest-mock", specifier = "==3.15.1" },
    { name = "pytest-rerunfailures", specifier = "==16.3" },
    { name = "pytest-snapshot", specifier = "==0.9.0" },
    { name = "pytest-xdist", specifier = "==3.8.0" },
    { name = "setuptools", specifier = "==57.5.0" },
    { name = "testpath", specifier = "==0.6.0" },
]

[[package]]
name = "colorama"
version = "0.4.6"
source = { registry = "https://pypi.org/simple" }
sdist = { url = "https://files.pythonhosted.org/packages/d8/53/6f443c9a4a8358a93a6792e2acffb9d9d5cb0a5cfd8802644b7b1c9a02e4/colorama-0.4.6.tar.gz", hash = "sha256:08695f5cb7ed6e0531a20572697297273c47b8cae5a63ffc6d6ed5c201be6e44", size = 27697, upload-time = "2022-10-25T02:36:22.414Z" }
wheels = [
    { url = "https://files.pythonhosted.org/packages/d1/d6/3965ed04c63042e047cb6a3e6ed1a63a35087b6a609aa3a15ed8ac56c221/colorama-0.4.6-py2.py3-none-any.whl", hash = "sha256:4f1d9991f5acc0ca119f9d443620b77f9d6b33703e51011c16baf57afb285fc6", size = 25335, upload-time = "2022-10-25T02:36:20.889Z" },
]

[[package]]
name = "coverage"
version = "7.14.2"
source = { registry = "https://pypi.org/simple" }
sdist = { url = "https://files.pythonhosted.org/packages/9c/a3/3834a5564fe8f32154cd7032400d3c2f9c565b2a373fa671f2bbdad6f634/coverage-7.14.2.tar.gz", hash = "sha256:7a2da3d81cfe17c18038c6d98e6592aa9147d596d056119b0ee612c3c8bd5230", size = 923982, upload-time = "2026-06-20T14:49:30.885Z" }
wheels = [
    { url = "https://files.pythonhosted.org/packages/fc/bc/120390669817ede714ab141ae0a2a73240fd7354aac992c41dc0bd19570f/coverage-7.14.2-cp314-cp314-macosx_10_15_x86_64.whl", hash = "sha256:7a0d1f026b72d627fa5c8a57cbc86ad209b64aa2a65833c83b290ace5cbee126", size = 220593, upload-time = "2026-06-20T14:48:35.755Z" },
    { url = "https://files.pythonhosted.org/packages/4f/a3/7f1cfacd76af91e585f7ad689d7168002b444ed2a8ce59f2daaff10089b5/coverage-7.14.2-cp314-cp314-macosx_11_0_arm64.whl", hash = "sha256:4d2b86f81c1c9310a7e774e3cc9e927a3d0bf583ecbfa01498dd626930025428", size = 220925, upload-time = "2026-06-20T14:48:37.35Z" },
    { url = "https://files.pythonhosted.org/packages/e7/10/6514b2525bb672eb8b43703e46d061d694111db21efe7609db722df2233f/coverage-7.14.2-cp314-cp314-manylinux1_i686.manylinux_2_28_i686.manylinux_2_5_i686.whl", hash = "sha256:d76bdc1f9396ae70a55d050cf9743d88141c62ce0a22a3f627fab1d11c2f8bc6", size = 251974, upload-time = "2026-06-20T14:48:39.109Z" },
    { url = "https://files.pythonhosted.org/packages/23/b4/4533091541c6620ecd68115bbfa1c61265b775618adef3a5fd137f4582e9/coverage-7.14.2-cp314-cp314-manylinux1_x86_64.manylinux_2_28_x86_64.manylinux_2_5_x86_64.whl", hash = "sha256:cda36d8e7bfd63b3e44e75163265429caa5d935b672b00f71bccc8c010518c64", size = 254479, upload-time = "2026-06-20T14:48:40.871Z" },
    { url = "https://files.pythonhosted.org/packages/06/af/e251a143d5d106385dbca696c553afab6b69f7f6bc376a34e089cc0b8b32/coverage-7.14.2-cp314-cp314-manylinux2014_aarch64.manylinux_2_17_aarch64.manylinux_2_28_aarch64.whl", hash = "sha256:0904f3b79d7b845bef0715afe1900da634d12b97f05b9479cb472880ca07cb9c", size = 255824, upload-time = "2026-06-20T14:48:42.608Z" },
    { url = "https://files.pythonhosted.org/packages/9c/53/9e5876e60efbaa79d743d1948a5015ddc05b808db1cd62228acf83e87d43/coverage-7.14.2-cp314-cp314-manylinux2014_ppc64le.manylinux_2_17_ppc64le.manylinux_2_28_ppc64le.whl", hash = "sha256:b6795ca4198d6cb7fc2c6163214f6555a6bc5f0ae1e268e76139dec4b37c4499", size = 258139, upload-time = "2026-06-20T14:48:44.263Z" },
    { url = "https://files.pythonhosted.org/packages/85/5a/d35a4f431fb594e46b81cad4a13b470b017e918f347c1c0b260f7494fa1e/coverage-7.14.2-cp314-cp314-manylinux_2_31_riscv64.manylinux_2_39_riscv64.whl", hash = "sha256:c41e9b60fc0fa57f5d73306417d2f9d668202cca6944f9435878c55a5e7ae213", size = 252002, upload-time = "2026-06-20T14:48:45.961Z" },
    { url = "https://files.pythonhosted.org/packages/0c/e2/f5b304c8139c606c4f1b230d3a257d0c88edfbbdf06c58364f07625dc45c/coverage-7.14.2-cp314-cp314-musllinux_1_2_aarch64.whl", hash = "sha256:419d2aadd5746efc2e9df0f33c05570d8192e6f6a6098ab05acce586f44ce8a5", size = 253832, upload-time = "2026-06-20T14:48:47.582Z" },
    { url = "https://files.pythonhosted.org/packages/86/bc/bbbd283daa6be4f68aad4ad4066fd39ae98e4174db8c03ab26c5803d6234/coverage-7.14.2-cp314-cp314-musllinux_1_2_i686.whl", hash = "sha256:1c5d273c5f1411c0d26c4f066c398d4a434b1f97bb5fa409189bedce86d4add4", size = 251799, upload-time = "2026-06-20T14:48:49.42Z" },
    { url = "https://files.pythonhosted.org/packages/69/8d/0745fceb89c9e5f7dd8ed243d97dc8561b7a95545741e2409d2b34654824/coverage-7.14.2-cp314-cp314-musllinux_1_2_ppc64le.whl", hash = "sha256:5fe465bc691264adce601527a972990c1174075d86bcbe9968fd20c95e0b1948", size = 256075, upload-time = "2026-06-20T14:48:51.065Z" },
    { url = "https://files.pythonhosted.org/packages/a2/a0/441d9a5255cf021ab41ee00c014a4607d1c72d5e5bef0a4fdaa5be86a907/coverage-7.14.2-cp314-cp314-musllinux_1_2_riscv64.whl", hash = "sha256:6fbb61617af1c56f95d53170ae9fa6c9aef6de1abd02fcc50064bfc672efb18d", size = 251612, upload-time = "2026-06-20T14:48:52.653Z" },
    { url = "https://files.pythonhosted.org/packages/50/37/3d19c5e32d4a529c068eb296abfa3e455bd2c0f9311ecf26280f408ff8e0/coverage-7.14.2-cp314-cp314-musllinux_1_2_x86_64.whl", hash = "sha256:e1eff22b831dfd5694989cc1f0789980f18391f614ac67c851af9a8e6d25e9ba", size = 253270, upload-time = "2026-06-20T14:48:54.3Z" },
    { url = "https://files.pythonhosted.org/packages/3d/b0/54dd13937297518da6d092cc2c39d9340ec2194bdfa92e0a64694d643e23/coverage-7.14.2-cp314-cp314-win32.whl", hash = "sha256:58e91be0a233adef698d3e6be54f10401bb91fd7854c0d4c4d50e0d3711e72f1", size = 222796, upload-time = "2026-06-20T14:48:56.084Z" },
    { url = "https://files.pythonhosted.org/packages/51/45/7a10e0909919686e335fdd95869cfb222d55243ebff27dc5cf59ca259a1f/coverage-7.14.2-cp314-cp314-win_amd64.whl", hash = "sha256:d8429bf97906bfe6c61f9dbfb3342e0d88120da61939da8bd04f830cc3eab3b8", size = 223285, upload-time = "2026-06-20T14:48:57.729Z" },
    { url = "https://files.pythonhosted.org/packages/2e/03/9cb197eb4b3d1a2eccb2537c226a93c80522c5b8afc5dd93e1993d7bb021/coverage-7.14.2-cp314-cp314-win_arm64.whl", hash = "sha256:13609d9d77249447aa73357b14831b0f3b95f275026c9ff20dd105f981f53a0c", size = 222712, upload-time = "2026-06-20T14:48:59.413Z" },
    { url = "https://files.pythonhosted.org/packages/d6/3c/e59f498511080d20bf866b0af9eeab820feb91547dae2084cb9bb7fb0e58/coverage-7.14.2-cp314-cp314t-macosx_10_15_x86_64.whl", hash = "sha256:9818486c2bac88ae931df7e04905ee29bef49fd218c00f5f02bed4855254a101", size = 221325, upload-time = "2026-06-20T14:49:01.447Z" },
    { url = "https://files.pythonhosted.org/packages/d3/37/8d7955f7e701e69198bd0a0132ea76518c078a635b930a4924e2ccfa70f0/coverage-7.14.2-cp314-cp314t-macosx_11_0_arm64.whl", hash = "sha256:58055adffabfa243516a197aa9f85f0dd56d905b0fba1a10193269759c29ccb0", size = 221594, upload-time = "2026-06-20T14:49:03.13Z" },
    { url = "https://files.pythonhosted.org/packages/34/7a/6738e1e1533ce8ec4e2e472696eefdd4723864d7efaa140e433053bf576a/coverage-7.14.2-cp314-cp314t-manylinux1_i686.manylinux_2_28_i686.manylinux_2_5_i686.whl", hash = "sha256:535747dbc200349d7fb434cffcb28e770f0290f69b225f56dc3803aa7210cdea", size = 262957, upload-time = "2026-06-20T14:49:04.829Z" },
    { url = "https://files.pythonhosted.org/packages/35/c4/d1be863cd39e0955904315fece67c5c23e046563f5eea0ceac16c547a759/coverage-7.14.2-cp314-cp314t-manylinux1_x86_64.manylinux_2_28_x86_64.manylinux_2_5_x86_64.whl", hash = "sha256:420c66e35d85c0ca5dc6a38147d83ef239762542900e5921ebbdb89333c540ea", size = 265081, upload-time = "2026-06-20T14:49:07.018Z" },
    { url = "https://files.pythonhosted.org/packages/72/7f/412df3c3c251284a11834287fd6f7e3bb98c528c53e030589e9344a3ef80/coverage-7.14.2-cp314-cp314t-manylinux2014_aarch64.manylinux_2_17_aarch64.manylinux_2_28_aarch64.whl", hash = "sha256:f2cf17b33773be446a588551ea6a746b2d70dd0bc90dc31f1dd7648975a63c6b", size = 267500, upload-time = "2026-06-20T14:49:08.709Z" },
    { url = "https://files.pythonhosted.org/packages/54/68/7d0764e83459455384d5c04179ce2d2a837bef01b9ba463079c6e8b31361/coverage-7.14.2-cp314-cp314t-manylinux2014_ppc64le.manylinux_2_17_ppc64le.manylinux_2_28_ppc64le.whl", hash = "sha256:adb4a5fef041f7179bb264203add873c147d169cf2f8d0adae89ff2e51271bac", size = 268619, upload-time = "2026-06-20T14:49:10.405Z" },
    { url = "https://files.pythonhosted.org/packages/14/68/1292164ac70cbcc86ac3982da31a6fbb42bb4bcebf6e5cf73c99cfcfd50d/coverage-7.14.2-cp314-cp314t-manylinux_2_31_riscv64.manylinux_2_39_riscv64.whl", hash = "sha256:9c012ec357dec9408a83dad5541172a63c5cfa1421709f2e5811480d31ae1b28", size = 262066, upload-time = "2026-06-20T14:49:12.257Z" },
    { url = "https://files.pythonhosted.org/packages/20/44/fd6fdf3f63b6e00a1a9230022d072ded5189576001685706aa6524187c65/coverage-7.14.2-cp314-cp314t-musllinux_1_2_aarch64.whl", hash = "sha256:dacd0ecd08fda3cb2f85b60cabea7da326dcb2fc15fbb23a88830a80144cc9f2", size = 264953, upload-time = "2026-06-20T14:49:14.13Z" },
    { url = "https://files.pythonhosted.org/packages/39/29/e803fea3da89eaeb5b6b41b3ccd039fe9f3300a900e3803baac1a998529f/coverage-7.14.2-cp314-cp314t-musllinux_1_2_i686.whl", hash = "sha256:f27e980f2feba5dfe7a32b22b125470de69c0bd113c75e16165de909a777f512", size = 262555, upload-time = "2026-06-20T14:49:15.803Z" },
    { url = "https://files.pythonhosted.org/packages/32/3c/b360e48ac68e3236c04cb83658382e7f5be7efbbec2e1faae3dcca432783/coverage-7.14.2-cp314-cp314t-musllinux_1_2_ppc64le.whl", hash = "sha256:105c00efb65c863630b2b63cbf7b8267e4da2d44b62284efbb19a03b04c337d4", size = 266289, upload-time = "2026-06-20T14:49:17.962Z" },
    { url = "https://files.pythonhosted.org/packages/59/12/1ed6d9274d599c586e2d1aa9818765dcdae6bb52aa88afa2fcd868398191/coverage-7.14.2-cp314-cp314t-musllinux_1_2_riscv64.whl", hash = "sha256:571173fa04c8e8d6235ab32ae67fecca97777e2e1b4a1a30f3022c34e397c1c1", size = 261402, upload-time = "2026-06-20T14:49:19.708Z" },
    { url = "https://files.pythonhosted.org/packages/44/17/eb6cf12a4538cda937aefbeabb15377a8a30b377b484e63d31c9da790966/coverage-7.14.2-cp314-cp314t-musllinux_1_2_x86_64.whl", hash = "sha256:e532f34d42d1a421fa00ed6b7735d14ac2e340256c1bad26a5e1dc1252b0bed7", size = 263715, upload-time = "2026-06-20T14:49:21.427Z" },
    { url = "https://files.pythonhosted.org/packages/8a/ca/4bafdb9d372ab05d6ed3a63e7f00d3195d169d0afea00f617c026e386c19/coverage-7.14.2-cp314-cp314t-win32.whl", hash = "sha256:243971550fb46c3039257f75e65610002d84304c505f609bbd9779e20a653a0a", size = 223103, upload-time = "2026-06-20T14:49:23.24Z" },
    { url = "https://files.pythonhosted.org/packages/35/cb/0765dbd9011d2e47315f1da31e62c5fe231f04a6ec8da213e64c4505896d/coverage-7.14.2-cp314-cp314t-win_amd64.whl", hash = "sha256:60fb0ca084a92da96474b8b405a7ea76dfecac3c68db54383e7934b6f3871169", size = 223934, upload-time = "2026-06-20T14:49:25.347Z" },
    { url = "https://files.pythonhosted.org/packages/4e/ce/373dde027ecd0ae54511430fe7569f838d3a0376b70333ba9fd20c76b836/coverage-7.14.2-cp314-cp314t-win_arm64.whl", hash = "sha256:36a0a3f42ed7dfdbca2a69a541519ffd5064a5692152fc0018109e74370d7345", size = 223249, upload-time = "2026-06-20T14:49:27.241Z" },
    { url = "https://files.pythonhosted.org/packages/a3/5e/a8ba14ceb014f39bd5e3f7077150718c7de61c01ce326bfe7e8eae9b19b2/coverage-7.14.2-py3-none-any.whl", hash = "sha256:04d92589e481a8b68a005a5a1e0646a91c76f322c397c4635298c57cf63699b5", size = 212325, upload-time = "2026-06-20T14:49:28.991Z" },
]

[[package]]
name = "execnet"
version = "2.1.2"
source = { registry = "https://pypi.org/simple" }
sdist = { url = "https://files.pythonhosted.org/packages/bf/89/780e11f9588d9e7128a3f87788354c7946a9cbb1401ad38a48c4db9a4f07/execnet-2.1.2.tar.gz", hash = "sha256:63d83bfdd9a23e35b9c6a3261412324f964c2ec8dcd8d3c6916ee9373e0befcd", size = 166622, upload-time = "2025-11-12T09:56:37.75Z" }
wheels = [
    { url = "https://files.pythonhosted.org/packages/ab/84/02fc1827e8cdded4aa65baef11296a9bbe595c474f0d6d758af082d849fd/execnet-2.1.2-py3-none-any.whl", hash = "sha256:67fba928dd5a544b783f6056f449e5e3931a5c378b128bc18501f7ea79e296ec", size = 40708, upload-time = "2025-11-12T09:56:36.333Z" },
]

[[package]]
name = "imgcat"
version = "0.6.0"
source = { registry = "https://pypi.org/simple" }
sdist = { url = "https://files.pythonhosted.org/packages/9c/fa/c09733cb5f8a793d2429d06c510a9eaa605fc14381de6701c2df6be69502/imgcat-0.6.0.tar.gz", hash = "sha256:b3547b68adb3f1f9b611390e804c94ebd464a215858543cbf97df86fbcd7935c", size = 12681, upload-time = "2024-11-21T13:36:26.072Z" }

[[package]]
name = "iniconfig"
version = "2.3.0"
source = { registry = "https://pypi.org/simple" }
sdist = { url = "https://files.pythonhosted.org/packages/72/34/14ca021ce8e5dfedc35312d08ba8bf51fdd999c576889fc2c24cb97f4f10/iniconfig-2.3.0.tar.gz", hash = "sha256:c76315c77db068650d49c5b56314774a7804df16fee4402c1f19d6d15d8c4730", size = 20503, upload-time = "2025-10-18T21:55:43.219Z" }
wheels = [
    { url = "https://files.pythonhosted.org/packages/cb/b1/3846dd7f199d53cb17f49cba7e651e9ce294d8497c8c150530ed11865bb8/iniconfig-2.3.0-py3-none-any.whl", hash = "sha256:f631c04d2c48c52b84d0d0549c99ff3859c98df65b3101406327ecc7d53fbf12", size = 7484, upload-time = "2025-10-18T21:55:41.639Z" },
]

[[package]]
name = "packaging"
version = "26.2"
source = { registry = "https://pypi.org/simple" }
sdist = { url = "https://files.pythonhosted.org/packages/d7/f1/e7a6dd94a8d4a5626c03e4e99c87f241ba9e350cd9e6d75123f992427270/packaging-26.2.tar.gz", hash = "sha256:ff452ff5a3e828ce110190feff1178bb1f2ea2281fa2075aadb987c2fb221661", size = 228134, upload-time = "2026-04-24T20:15:23.917Z" }
wheels = [
    { url = "https://files.pythonhosted.org/packages/df/b2/87e62e8c3e2f4b32e5fe99e0b86d576da1312593b39f47d8ceef365e95ed/packaging-26.2-py3-none-any.whl", hash = "sha256:5fc45236b9446107ff2415ce77c807cee2862cb6fac22b8a73826d0693b0980e", size = 100195, upload-time = "2026-04-24T20:15:22.081Z" },
]

[[package]]
name = "pillow"
version = "12.2.0"
source = { registry = "https://pypi.org/simple" }
sdist = { url = "https://files.pythonhosted.org/packages/8c/21/c2bcdd5906101a30244eaffc1b6e6ce71a31bd0742a01eb89e660ebfac2d/pillow-12.2.0.tar.gz", hash = "sha256:a830b1a40919539d07806aa58e1b114df53ddd43213d9c8b75847eee6c0182b5", size = 46987819, upload-time = "2026-04-01T14:46:17.687Z" }
wheels = [
    { url = "https://files.pythonhosted.org/packages/bf/98/4595daa2365416a86cb0d495248a393dfc84e96d62ad080c8546256cb9c0/pillow-12.2.0-cp314-cp314-ios_13_0_arm64_iphoneos.whl", hash = "sha256:3adc9215e8be0448ed6e814966ecf3d9952f0ea40eb14e89a102b87f450660d8", size = 4100848, upload-time = "2026-04-01T14:44:48.48Z" },
    { url = "https://files.pythonhosted.org/packages/0b/79/40184d464cf89f6663e18dfcf7ca21aae2491fff1a16127681bf1fa9b8cf/pillow-12.2.0-cp314-cp314-ios_13_0_arm64_iphonesimulator.whl", hash = "sha256:6a9adfc6d24b10f89588096364cc726174118c62130c817c2837c60cf08a392b", size = 4176515, upload-time = "2026-04-01T14:44:51.353Z" },
    { url = "https://files.pythonhosted.org/packages/b0/63/703f86fd4c422a9cf722833670f4f71418fb116b2853ff7da722ea43f184/pillow-12.2.0-cp314-cp314-ios_13_0_x86_64_iphonesimulator.whl", hash = "sha256:6a6e67ea2e6feda684ed370f9a1c52e7a243631c025ba42149a2cc5934dec295", size = 3640159, upload-time = "2026-04-01T14:44:53.588Z" },
    { url = "https://files.pythonhosted.org/packages/71/e0/fb22f797187d0be2270f83500aab851536101b254bfa1eae10795709d283/pillow-12.2.0-cp314-cp314-macosx_10_15_x86_64.whl", hash = "sha256:2bb4a8d594eacdfc59d9e5ad972aa8afdd48d584ffd5f13a937a664c3e7db0ed", size = 5312185, upload-time = "2026-04-01T14:44:56.039Z" },
    { url = "https://files.pythonhosted.org/packages/ba/8c/1a9e46228571de18f8e28f16fabdfc20212a5d019f3e3303452b3f0a580d/pillow-12.2.0-cp314-cp314-macosx_11_0_arm64.whl", hash = "sha256:80b2da48193b2f33ed0c32c38140f9d3186583ce7d516526d462645fd98660ae", size = 4695386, upload-time = "2026-04-01T14:44:58.663Z" },
    { url = "https://files.pythonhosted.org/packages/70/62/98f6b7f0c88b9addd0e87c217ded307b36be024d4ff8869a812b241d1345/pillow-12.2.0-cp314-cp314-manylinux2014_aarch64.manylinux_2_17_aarch64.whl", hash = "sha256:22db17c68434de69d8ecfc2fe821569195c0c373b25cccb9cbdacf2c6e53c601", size = 6280384, upload-time = "2026-04-01T14:45:01.5Z" },
    { url = "https://files.pythonhosted.org/packages/5e/03/688747d2e91cfbe0e64f316cd2e8005698f76ada3130d0194664174fa5de/pillow-12.2.0-cp314-cp314-manylinux2014_x86_64.manylinux_2_17_x86_64.whl", hash = "sha256:7b14cc0106cd9aecda615dd6903840a058b4700fcb817687d0ee4fc8b6e389be", size = 8091599, upload-time = "2026-04-01T14:45:04.5Z" },
    { url = "https://files.pythonhosted.org/packages/f6/35/577e22b936fcdd66537329b33af0b4ccfefaeabd8aec04b266528cddb33c/pillow-12.2.0-cp314-cp314-manylinux_2_27_aarch64.manylinux_2_28_aarch64.whl", hash = "sha256:8cbeb542b2ebc6fcdacabf8aca8c1a97c9b3ad3927d46b8723f9d4f033288a0f", size = 6396021, upload-time = "2026-04-01T14:45:07.117Z" },
    { url = "https://files.pythonhosted.org/packages/11/8d/d2532ad2a603ca2b93ad9f5135732124e57811d0168155852f37fbce2458/pillow-12.2.0-cp314-cp314-manylinux_2_27_x86_64.manylinux_2_28_x86_64.whl", hash = "sha256:4bfd07bc812fbd20395212969e41931001fd59eb55a60658b0e5710872e95286", size = 7083360, upload-time = "2026-04-01T14:45:09.763Z" },
    { url = "https://files.pythonhosted.org/packages/5e/26/d325f9f56c7e039034897e7380e9cc202b1e368bfd04d4cbe6a441f02885/pillow-12.2.0-cp314-cp314-musllinux_1_2_aarch64.whl", hash = "sha256:9aba9a17b623ef750a4d11b742cbafffeb48a869821252b30ee21b5e91392c50", size = 6507628, upload-time = "2026-04-01T14:45:12.378Z" },
    { url = "https://files.pythonhosted.org/packages/5f/f7/769d5632ffb0988f1c5e7660b3e731e30f7f8ec4318e94d0a5d674eb65a4/pillow-12.2.0-cp314-cp314-musllinux_1_2_x86_64.whl", hash = "sha256:deede7c263feb25dba4e82ea23058a235dcc2fe1f6021025dc71f2b618e26104", size = 7209321, upload-time = "2026-04-01T14:45:15.122Z" },
    { url = "https://files.pythonhosted.org/packages/6a/7a/c253e3c645cd47f1aceea6a8bacdba9991bf45bb7dfe927f7c893e89c93c/pillow-12.2.0-cp314-cp314-win32.whl", hash = "sha256:632ff19b2778e43162304d50da0181ce24ac5bb8180122cbe1bf4673428328c7", size = 6479723, upload-time = "2026-04-01T14:45:17.797Z" },
    { url = "https://files.pythonhosted.org/packages/cd/8b/601e6566b957ca50e28725cb6c355c59c2c8609751efbecd980db44e0349/pillow-12.2.0-cp314-cp314-win_amd64.whl", hash = "sha256:4e6c62e9d237e9b65fac06857d511e90d8461a32adcc1b9065ea0c0fa3a28150", size = 7217400, upload-time = "2026-04-01T14:45:20.529Z" },
    { url = "https://files.pythonhosted.org/packages/d6/94/220e46c73065c3e2951bb91c11a1fb636c8c9ad427ac3ce7d7f3359b9b2f/pillow-12.2.0-cp314-cp314-win_arm64.whl", hash = "sha256:b1c1fbd8a5a1af3412a0810d060a78b5136ec0836c8a4ef9aa11807f2a22f4e1", size = 2554835, upload-time = "2026-04-01T14:45:23.162Z" },
    { url = "https://files.pythonhosted.org/packages/b6/ab/1b426a3974cb0e7da5c29ccff4807871d48110933a57207b5a676cccc155/pillow-12.2.0-cp314-cp314t-macosx_10_15_x86_64.whl", hash = "sha256:57850958fe9c751670e49b2cecf6294acc99e562531f4bd317fa5ddee2068463", size = 5314225, upload-time = "2026-04-01T14:45:25.637Z" },
    { url = "https://files.pythonhosted.org/packages/19/1e/dce46f371be2438eecfee2a1960ee2a243bbe5e961890146d2dee1ff0f12/pillow-12.2.0-cp314-cp314t-macosx_11_0_arm64.whl", hash = "sha256:d5d38f1411c0ed9f97bcb49b7bd59b6b7c314e0e27420e34d99d844b9ce3b6f3", size = 4698541, upload-time = "2026-04-01T14:45:28.355Z" },
    { url = "https://files.pythonhosted.org/packages/55/c3/7fbecf70adb3a0c33b77a300dc52e424dc22ad8cdc06557a2e49523b703d/pillow-12.2.0-cp314-cp314t-manylinux2014_aarch64.manylinux_2_17_aarch64.whl", hash = "sha256:5c0a9f29ca8e79f09de89293f82fc9b0270bb4af1d58bc98f540cc4aedf03166", size = 6322251, upload-time = "2026-04-01T14:45:30.924Z" },
    { url = "https://files.pythonhosted.org/packages/1c/3c/7fbc17cfb7e4fe0ef1642e0abc17fc6c94c9f7a16be41498e12e2ba60408/pillow-12.2.0-cp314-cp314t-manylinux2014_x86_64.manylinux_2_17_x86_64.whl", hash = "sha256:1610dd6c61621ae1cf811bef44d77e149ce3f7b95afe66a4512f8c59f25d9ebe", size = 8127807, upload-time = "2026-04-01T14:45:33.908Z" },
    { url = "https://files.pythonhosted.org/packages/ff/c3/a8ae14d6defd2e448493ff512fae903b1e9bd40b72efb6ec55ce0048c8ce/pillow-12.2.0-cp314-cp314t-manylinux_2_27_aarch64.manylinux_2_28_aarch64.whl", hash = "sha256:0a34329707af4f73cf1782a36cd2289c0368880654a2c11f027bcee9052d35dd", size = 6433935, upload-time = "2026-04-01T14:45:36.623Z" },
    { url = "https://files.pythonhosted.org/packages/6e/32/2880fb3a074847ac159d8f902cb43278a61e85f681661e7419e6596803ed/pillow-12.2.0-cp314-cp314t-manylinux_2_27_x86_64.manylinux_2_28_x86_64.whl", hash = "sha256:8e9c4f5b3c546fa3458a29ab22646c1c6c787ea8f5ef51300e5a60300736905e", size = 7116720, upload-time = "2026-04-01T14:45:39.258Z" },
    { url = "https://files.pythonhosted.org/packages/46/87/495cc9c30e0129501643f24d320076f4cc54f718341df18cc70ec94c44e1/pillow-12.2.0-cp314-cp314t-musllinux_1_2_aarch64.whl", hash = "sha256:fb043ee2f06b41473269765c2feae53fc2e2fbf96e5e22ca94fb5ad677856f06", size = 6540498, upload-time = "2026-04-01T14:45:41.879Z" },
    { url = "https://files.pythonhosted.org/packages/18/53/773f5edca692009d883a72211b60fdaf8871cbef075eaa9d577f0a2f989e/pillow-12.2.0-cp314-cp314t-musllinux_1_2_x86_64.whl", hash = "sha256:f278f034eb75b4e8a13a54a876cc4a5ab39173d2cdd93a638e1b467fc545ac43", size = 7239413, upload-time = "2026-04-01T14:45:44.705Z" },
    { url = "https://files.pythonhosted.org/packages/c9/e4/4b64a97d71b2a83158134abbb2f5bd3f8a2ea691361282f010998f339ec7/pillow-12.2.0-cp314-cp314t-win32.whl", hash = "sha256:6bb77b2dcb06b20f9f4b4a8454caa581cd4dd0643a08bacf821216a16d9c8354", size = 6482084, upload-time = "2026-04-01T14:45:47.568Z" },
    { url = "https://files.pythonhosted.org/packages/ba/13/306d275efd3a3453f72114b7431c877d10b1154014c1ebbedd067770d629/pillow-12.2.0-cp314-cp314t-win_amd64.whl", hash = "sha256:6562ace0d3fb5f20ed7290f1f929cae41b25ae29528f2af1722966a0a02e2aa1", size = 7225152, upload-time = "2026-04-01T14:45:50.032Z" },
    { url = "https://files.pythonhosted.org/packages/ff/6e/cf826fae916b8658848d7b9f38d88da6396895c676e8086fc0988073aaf8/pillow-12.2.0-cp314-cp314t-win_arm64.whl", hash = "sha256:aa88ccfe4e32d362816319ed727a004423aab09c5cea43c01a4b435643fa34eb", size = 2556579, upload-time = "2026-04-01T14:45:52.529Z" },
]

[[package]]
name = "pluggy"
version = "1.6.0"
source = { registry = "https://pypi.org/simple" }
sdist = { url = "https://files.pythonhosted.org/packages/f9/e2/3e91f31a7d2b083fe6ef3fa267035b518369d9511ffab804f839851d2779/pluggy-1.6.0.tar.gz", hash = "sha256:7dcc130b76258d33b90f61b658791dede3486c3e6bfb003ee5c9bfb396dd22f3", size = 69412, upload-time = "2025-05-15T12:30:07.975Z" }
wheels = [
    { url = "https://files.pythonhosted.org/packages/54/20/4d324d65cc6d9205fabedc306948156824eb9f0ee1633355a8f7ec5c66bf/pluggy-1.6.0-py3-none-any.whl", hash = "sha256:e920276dd6813095e9377c0bc5566d94c932c33b27a3e3945d8389c374dd4746", size = 20538, upload-time = "2025-05-15T12:30:06.134Z" },
]

[[package]]
name = "psutil"
version = "5.8.0"
source = { registry = "https://pypi.org/simple" }
sdist = { url = "https://files.pythonhosted.org/packages/e1/b0/7276de53321c12981717490516b7e612364f2cb372ee8901bd4a66a000d7/psutil-5.8.0.tar.gz", hash = "sha256:0c9ccb99ab76025f2f0bbecf341d4656e9c1351db8cc8a03ccd62e318ab4b5c6", size = 470886, upload-time = "2020-12-19T01:20:42.916Z" }

[[package]]
name = "pygments"
version = "2.20.0"
source = { registry = "https://pypi.org/simple" }
sdist = { url = "https://files.pythonhosted.org/packages/c3/b2/bc9c9196916376152d655522fdcebac55e66de6603a76a02bca1b6414f6c/pygments-2.20.0.tar.gz", hash = "sha256:6757cd03768053ff99f3039c1a36d6c0aa0b263438fcab17520b30a303a82b5f", size = 4955991, upload-time = "2026-03-29T13:29:33.898Z" }
wheels = [
    { url = "https://files.pythonhosted.org/packages/f4/7e/a72dd26f3b0f4f2bf1dd8923c85f7ceb43172af56d63c7383eb62b332364/pygments-2.20.0-py3-none-any.whl", hash = "sha256:81a9e26dd42fd28a23a2d169d86d7ac03b46e2f8b59ed4698fb4785f946d0176", size = 1231151, upload-time = "2026-03-29T13:29:30.038Z" },
]

[[package]]
name = "pytest"
version = "9.1.1"
source = { registry = "https://pypi.org/simple" }
dependencies = [
    { name = "colorama", marker = "sys_platform == 'win32'" },
    { name = "iniconfig" },
    { name = "packaging" },
    { name = "pluggy" },
    { name = "pygments" },
]
sdist = { url = "https://files.pythonhosted.org/packages/e4/47/b9efed96c114afcfa3c9d3fe98a76a1d14c74a9e266d397cf6eb64be5e01/pytest-9.1.1.tar.gz", hash = "sha256:1088fbde8f2b49d95a549a195707afa7a76a3ce9bcadc26b6d71f0ffda5fe313", size = 1636369, upload-time = "2026-06-19T10:58:32.857Z" }
wheels = [
    { url = "https://files.pythonhosted.org/packages/24/25/1de2678b631f5a49215c6c96fff41ba892b0a34df68d6d80292b1b48aa7f/pytest-9.1.1-py3-none-any.whl", hash = "sha256:37a86b45efb9a47a61a36449063e8e18d0cab3161329fc099eb21783169c4f0c", size = 386536, upload-time = "2026-06-19T10:58:31.347Z" },
]

[[package]]
name = "pytest-cov"
version = "7.1.0"
source = { registry = "https://pypi.org/simple" }
dependencies = [
    { name = "coverage" },
    { name = "pluggy" },
    { name = "pytest" },
]
sdist = { url = "https://files.pythonhosted.org/packages/b1/51/a849f96e117386044471c8ec2bd6cfebacda285da9525c9106aeb28da671/pytest_cov-7.1.0.tar.gz", hash = "sha256:30674f2b5f6351aa09702a9c8c364f6a01c27aae0c1366ae8016160d1efc56b2", size = 55592, upload-time = "2026-03-21T20:11:16.284Z" }
wheels = [
    { url = "https://files.pythonhosted.org/packages/9d/7a/d968e294073affff457b041c2be9868a40c1c71f4a35fcc1e45e5493067b/pytest_cov-7.1.0-py3-none-any.whl", hash = "sha256:a0461110b7865f9a271aa1b51e516c9a95de9d696734a2f71e3e78f46e1d4678", size = 22876, upload-time = "2026-03-21T20:11:14.438Z" },
]

[[package]]
name = "pytest-mock"
version = "3.15.1"
source = { registry = "https://pypi.org/simple" }
dependencies = [
    { name = "pytest" },
]
sdist = { url = "https://files.pythonhosted.org/packages/68/14/eb014d26be205d38ad5ad20d9a80f7d201472e08167f0bb4361e251084a9/pytest_mock-3.15.1.tar.gz", hash = "sha256:1849a238f6f396da19762269de72cb1814ab44416fa73a8686deac10b0d87a0f", size = 34036, upload-time = "2025-09-16T16:37:27.081Z" }
wheels = [
    { url = "https://files.pythonhosted.org/packages/5a/cc/06253936f4a7fa2e0f48dfe6d851d9c56df896a9ab09ac019d70b760619c/pytest_mock-3.15.1-py3-none-any.whl", hash = "sha256:0a25e2eb88fe5168d535041d09a4529a188176ae608a6d249ee65abc0949630d", size = 10095, upload-time = "2025-09-16T16:37:25.734Z" },
]

[[package]]
name = "pytest-rerunfailures"
version = "16.3"
source = { registry = "https://pypi.org/simple" }
dependencies = [
    { name = "packaging" },
    { name = "pytest" },
]
sdist = { url = "https://files.pythonhosted.org/packages/4d/f0/74f8e685be7ecd1572c1256132f18fce3a665d7e07649a3f23b7eb2d3bec/pytest_rerunfailures-16.3.tar.gz", hash = "sha256:37c9b1231c8083e9f4e724f50f7a21241822f9516c15c700ebbf218d6452355c", size = 34148, upload-time = "2026-05-22T06:51:22.292Z" }
wheels = [
    { url = "https://files.pythonhosted.org/packages/f8/98/58a71d68d3126d7f6a6ed1944c37ec207a4ff3dc66cad3bed7b59d38df61/pytest_rerunfailures-16.3-py3-none-any.whl", hash = "sha256:6bdfb8ffb46c46072e6c16bdedee38b6c13eac620d9415ed5b63152cbf283170", size = 15396, upload-time = "2026-05-22T06:51:20.547Z" },
]

[[package]]
name = "pytest-snapshot"
version = "0.9.0"
source = { registry = "https://pypi.org/simple" }
dependencies = [
    { name = "pytest" },
]
sdist = { url = "https://files.pythonhosted.org/packages/9b/7b/ab8f1fc1e687218aa66acec1c3674d9c443f6a2dc8cb6a50f464548ffa34/pytest-snapshot-0.9.0.tar.gz", hash = "sha256:c7013c3abc3e860f9feff899f8b4debe3708650d8d8242a61bf2625ff64db7f3", size = 19877, upload-time = "2022-04-23T17:35:31.751Z" }
wheels = [
    { url = "https://files.pythonhosted.org/packages/cb/29/518f32faf6edad9f56d6e0107217f7de6b79f297a47170414a2bd4be7f01/pytest_snapshot-0.9.0-py3-none-any.whl", hash = "sha256:4b9fe1c21c868fe53a545e4e3184d36bc1c88946e3f5c1d9dd676962a9b3d4ab", size = 10715, upload-time = "2022-04-23T17:35:30.288Z" },
]

[[package]]
name = "pytest-xdist"
version = "3.8.0"
source = { registry = "https://pypi.org/simple" }
dependencies = [
    { name = "execnet" },
    { name = "pytest" },
]
sdist = { url = "https://files.pythonhosted.org/packages/78/b4/439b179d1ff526791eb921115fca8e44e596a13efeda518b9d845a619450/pytest_xdist-3.8.0.tar.gz", hash = "sha256:7e578125ec9bc6050861aa93f2d59f1d8d085595d6551c2c90b6f4fad8d3a9f1", size = 88069, upload-time = "2025-07-01T13:30:59.346Z" }
wheels = [
    { url = "https://files.pythonhosted.org/packages/ca/31/d4e37e9e550c2b92a9cbc2e4d0b7420a27224968580b5a447f420847c975/pytest_xdist-3.8.0-py3-none-any.whl", hash = "sha256:202ca578cfeb7370784a8c33d6d05bc6e13b4f25b5053c30a152269fd10f0b88", size = 46396, upload-time = "2025-07-01T13:30:56.632Z" },
]

[[package]]
name = "setuptools"
version = "57.5.0"
source = { registry = "https://pypi.org/simple" }
sdist = { url = "https://files.pythonhosted.org/packages/20/f7/205a71cc9cc68f23afd9f3083002d0fb0a8c2277baf41a528395552e13c0/setuptools-57.5.0.tar.gz", hash = "sha256:d9d3266d50f59c6967b9312844470babbdb26304fe740833a5f8d89829ba3a24", size = 2141727, upload-time = "2021-09-04T15:12:23.852Z" }
wheels = [
    { url = "https://files.pythonhosted.org/packages/4b/b9/71687c5d2034c863db1db2e0704f5e27581ff3cb44d7f293968c5e08ceb3/setuptools-57.5.0-py3-none-any.whl", hash = "sha256:60d78588f15b048f86e35cdab73003d8b21dd45108ee61a6693881a427f22073", size = 819294, upload-time = "2021-09-04T15:12:22.026Z" },
]

[[package]]
name = "testpath"
version = "0.6.0"
source = { registry = "https://pypi.org/simple" }
sdist = { url = "https://files.pythonhosted.org/packages/08/ad/a3e7d580902f57e31d2181563fc4088894692bb6ef79b816344f27719cdc/testpath-0.6.0.tar.gz", hash = "sha256:2f1b97e6442c02681ebe01bd84f531028a7caea1af3825000f52345c30285e0f", size = 93348, upload-time = "2022-02-23T20:05:07.752Z" }
wheels = [
    { url = "https://files.pythonhosted.org/packages/86/43/1ebfb29c2ca1df2bdb33dbcb2b526b77ee96873ba7b9e25650ddd4ae7156/testpath-0.6.0-py3-none-any.whl", hash = "sha256:8ada9f80a2ac6fb0391aa7cdb1a7d11cfa8429f693eda83f74dde570fe6fa639", size = 83894, upload-time = "2022-02-23T20:05:04.758Z" },
]
